
Microsoft Visual Studio Solution File, Format Version 12.00
# Visual Studio Version 16
VisualStudioVersion = 16.0.30523.141
MinimumVisualStudioVersion = 10.0.40219.1
Project("{FAE04EC0-301F-11D3-BF4B-00C04F79EFBC}") = "GameLib", "GameLib.csproj", "{5206E8A6-9037-4F03-870E-ECCC581029B4}"
EndProject
Global
	GlobalSection(SolutionConfigurationPlatforms) = preSolution
		Debug|Any CPU = Debug|Any CPU
		Release|Any CPU = Release|Any CPU
	EndGlobalSection
	GlobalSection(ProjectConfigurationPlatforms) = postSolution
		{5206E8A6-9037-4F03-870E-ECCC581029B4}.Debug|Any CPU.ActiveCfg = Debug|Any CPU
		{5206E8A6-9037-4F03-870E-ECCC581029B4}.Debug|Any CPU.Build.0 = Debug|Any CPU
		{5206E8A6-9037-4F03-870E-ECCC581029B4}.Release|Any CPU.ActiveCfg = Release|Any CPU
		{5206E8A6-9037-4F03-870E-ECCC581029B4}.Release|Any CPU.Build.0 = Release|Any CPU
	EndGlobalSection
	GlobalSection(SolutionProperties) = preSolution
		HideSolutionNode = FALSE
	EndGlobalSection
	GlobalSection(ExtensibilityGlobals) = postSolution
		SolutionGuid = {70B213B3-1361-412F-958D-BAEE1D187A8C}
	EndGlobalSection
EndGlobal
